
Microsoft Visual Studio Solution File, Format Version 12.00
# Visual Studio Version 17
VisualStudioVersion = 17.14.36623.8
MinimumVisualStudioVersion = 10.0.40219.1
Project("{FAE04EC0-301F-11D3-BF4B-00C04F79EFBC}") = "BookManager.API", "BookManager.API\BookManager.API.csproj", "{B72A9CC5-8FA7-4EC2-AA0F-53DD70FE8EFD}"
EndProject
Project("{FAE04EC0-301F-11D3-BF4B-00C04F79EFBC}") = "BookManager.Domain", "BookManager.Domain\BookManager.Domain.csproj", "{E6C14307-3788-401D-945A-C575CB1B2A73}"
EndProject
Project("{FAE04EC0-301F-11D3-BF4B-00C04F79EFBC}") = "BookManager.Application", "BookManager.Application\BookManager.Application.csproj", "{289D841C-959C-4436-B5FE-FC2B89734845}"
EndProject
Project("{FAE04EC0-301F-11D3-BF4B-00C04F79EFBC}") = "BookManager.Infrastructure", "BookManager.Infrastructure\BookManager.Infrastructure.csproj", "{6E6E0AC0-7D6B-4CA3-B6F4-2AA49C0FF370}"
EndProject
Project("{FAE04EC0-301F-11D3-BF4B-00C04F79EFBC}") = "BookManager.Tests", "BookManager.Tests\BookManager.Tests.csproj", "{5C58BB84-E2DA-F992-AA8C-B942430A24FC}"
EndProject
Global
	GlobalSection(SolutionConfigurationPlatforms) = preSolution
		Debug|Any CPU = Debug|Any CPU
		Release|Any CPU = Release|Any CPU
	EndGlobalSection
	GlobalSection(ProjectConfigurationPlatforms) = postSolution
		{B72A9CC5-8FA7-4EC2-AA0F-53DD70FE8EFD}.Debug|Any CPU.ActiveCfg = Debug|Any CPU
		{B72A9CC5-8FA7-4EC2-AA0F-53DD70FE8EFD}.Debug|Any CPU.Build.0 = Debug|Any CPU
		{B72A9CC5-8FA7-4EC2-AA0F-53DD70FE8EFD}.Release|Any CPU.ActiveCfg = Release|Any CPU
		{B72A9CC5-8FA7-4EC2-AA0F-53DD70FE8EFD}.Release|Any CPU.Build.0 = Release|Any CPU
		{E6C14307-3788-401D-945A-C575CB1B2A73}.Debug|Any CPU.ActiveCfg = Debug|Any CPU
		{E6C14307-3788-401D-945A-C575CB1B2A73}.Debug|Any CPU.Build.0 = Debug|Any CPU
		{E6C14307-3788-401D-945A-C575CB1B2A73}.Release|Any CPU.ActiveCfg = Release|Any CPU
		{E6C14307-3788-401D-945A-C575CB1B2A73}.Release|Any CPU.Build.0 = Release|Any CPU
		{289D841C-959C-4436-B5FE-FC2B89734845}.Debug|Any CPU.ActiveCfg = Debug|Any CPU
		{289D841C-959C-4436-B5FE-FC2B89734845}.Debug|Any CPU.Build.0 = Debug|Any CPU
		{289D841C-959C-4436-B5FE-FC2B89734845}.Release|Any CPU.ActiveCfg = Release|Any CPU
		{289D841C-959C-4436-B5FE-FC2B89734845}.Release|Any CPU.Build.0 = Release|Any CPU
		{6E6E0AC0-7D6B-4CA3-B6F4-2AA49C0FF370}.Debug|Any CPU.ActiveCfg = Debug|Any CPU
		{6E6E0AC0-7D6B-4CA3-B6F4-2AA49C0FF370}.Debug|Any CPU.Build.0 = Debug|Any CPU
		{6E6E0AC0-7D6B-4CA3-B6F4-2AA49C0FF370}.Release|Any CPU.ActiveCfg = Release|Any CPU
		{6E6E0AC0-7D6B-4CA3-B6F4-2AA49C0FF370}.Release|Any CPU.Build.0 = Release|Any CPU
		{5C58BB84-E2DA-F992-AA8C-B942430A24FC}.Debug|Any CPU.ActiveCfg = Debug|Any CPU
		{5C58BB84-E2DA-F992-AA8C-B942430A24FC}.Debug|Any CPU.Build.0 = Debug|Any CPU
		{5C58BB84-E2DA-F992-AA8C-B942430A24FC}.Release|Any CPU.ActiveCfg = Release|Any CPU
		{5C58BB84-E2DA-F992-AA8C-B942430A24FC}.Release|Any CPU.Build.0 = Release|Any CPU
	EndGlobalSection
	GlobalSection(SolutionProperties) = preSolution
		HideSolutionNode = FALSE
	EndGlobalSection
	GlobalSection(ExtensibilityGlobals) = postSolution
		SolutionGuid = {B5B68F52-C45D-4347-87A8-8B5D9C30DF8E}
	EndGlobalSection
EndGlobal
